
Microsoft Visual Studio Solution File, Format Version 12.00
# Visual Studio Version 16
VisualStudioVersion = 16.0.34031.81
MinimumVisualStudioVersion = 10.0.40219.1
Project("{FAE04EC0-301F-11D3-BF4B-00C04F79EFBC}") = "Eshop.Android", "Eshop.Android\Eshop.Android.csproj", "{0E731C3C-C598-4A81-A611-7F7AF3EFCC42}"
EndProject
Project("{FAE04EC0-301F-11D3-BF4B-00C04F79EFBC}") = "Eshop.iOS", "Eshop.iOS\Eshop.iOS.csproj", "{E631B368-936E-41FE-BBA1-987DA594A7B5}"
EndProject
Project("{FAE04EC0-301F-11D3-BF4B-00C04F79EFBC}") = "Eshop", "Eshop\Eshop.csproj", "{C80151E3-2E09-49BA-90D6-9F2684AF1453}"
EndProject
Global
	GlobalSection(SolutionConfigurationPlatforms) = preSolution
		Debug|Any CPU = Debug|Any CPU
		Debug|iPhone = Debug|iPhone
		Debug|iPhoneSimulator = Debug|iPhoneSimulator
		Release|Any CPU = Release|Any CPU
		Release|iPhone = Release|iPhone
		Release|iPhoneSimulator = Release|iPhoneSimulator
	EndGlobalSection
	GlobalSection(ProjectConfigurationPlatforms) = postSolution
		{0E731C3C-C598-4A81-A611-7F7AF3EFCC42}.Debug|Any CPU.ActiveCfg = Debug|Any CPU
		{0E731C3C-C598-4A81-A611-7F7AF3EFCC42}.Debug|Any CPU.Build.0 = Debug|Any CPU
		{0E731C3C-C598-4A81-A611-7F7AF3EFCC42}.Debug|Any CPU.Deploy.0 = Debug|Any CPU
		{0E731C3C-C598-4A81-A611-7F7AF3EFCC42}.Debug|iPhone.ActiveCfg = Debug|Any CPU
		{0E731C3C-C598-4A81-A611-7F7AF3EFCC42}.Debug|iPhone.Build.0 = Debug|Any CPU
		{0E731C3C-C598-4A81-A611-7F7AF3EFCC42}.Debug|iPhone.Deploy.0 = Debug|Any CPU
		{0E731C3C-C598-4A81-A611-7F7AF3EFCC42}.Debug|iPhoneSimulator.ActiveCfg = Debug|Any CPU
		{0E731C3C-C598-4A81-A611-7F7AF3EFCC42}.Debug|iPhoneSimulator.Build.0 = Debug|Any CPU
		{0E731C3C-C598-4A81-A611-7F7AF3EFCC42}.Debug|iPhoneSimulator.Deploy.0 = Debug|Any CPU
		{0E731C3C-C598-4A81-A611-7F7AF3EFCC42}.Release|Any CPU.ActiveCfg = Release|Any CPU
		{0E731C3C-C598-4A81-A611-7F7AF3EFCC42}.Release|Any CPU.Build.0 = Release|Any CPU
		{0E731C3C-C598-4A81-A611-7F7AF3EFCC42}.Release|Any CPU.Deploy.0 = Release|Any CPU
		{0E731C3C-C598-4A81-A611-7F7AF3EFCC42}.Release|iPhone.ActiveCfg = Release|Any CPU
		{0E731C3C-C598-4A81-A611-7F7AF3EFCC42}.Release|iPhone.Build.0 = Release|Any CPU
		{0E731C3C-C598-4A81-A611-7F7AF3EFCC42}.Release|iPhone.Deploy.0 = Release|Any CPU
		{0E731C3C-C598-4A81-A611-7F7AF3EFCC42}.Release|iPhoneSimulator.ActiveCfg = Release|Any CPU
		{0E731C3C-C598-4A81-A611-7F7AF3EFCC42}.Release|iPhoneSimulator.Build.0 = Release|Any CPU
		{0E731C3C-C598-4A81-A611-7F7AF3EFCC42}.Release|iPhoneSimulator.Deploy.0 = Release|Any CPU
		{E631B368-936E-41FE-BBA1-987DA594A7B5}.Debug|Any CPU.ActiveCfg = Debug|iPhone
		{E631B368-936E-41FE-BBA1-987DA594A7B5}.Debug|Any CPU.Build.0 = Debug|iPhone
		{E631B368-936E-41FE-BBA1-987DA594A7B5}.Debug|Any CPU.Deploy.0 = Debug|iPhone
		{E631B368-936E-41FE-BBA1-987DA594A7B5}.Debug|iPhone.ActiveCfg = Debug|iPhone
		{E631B368-936E-41FE-BBA1-987DA594A7B5}.Debug|iPhone.Build.0 = Debug|iPhone
		{E631B368-936E-41FE-BBA1-987DA594A7B5}.Debug|iPhone.Deploy.0 = Debug|iPhone
		{E631B368-936E-41FE-BBA1-987DA594A7B5}.Debug|iPhoneSimulator.ActiveCfg = Debug|iPhoneSimulator
		{E631B368-936E-41FE-BBA1-987DA594A7B5}.Debug|iPhoneSimulator.Build.0 = Debug|iPhoneSimulator
		{E631B368-936E-41FE-BBA1-987DA594A7B5}.Debug|iPhoneSimulator.Deploy.0 = Debug|iPhoneSimulator
		{E631B368-936E-41FE-BBA1-987DA594A7B5}.Release|Any CPU.ActiveCfg = Release|iPhoneSimulator
		{E631B368-936E-41FE-BBA1-987DA594A7B5}.Release|Any CPU.Build.0 = Release|iPhoneSimulator
		{E631B368-936E-41FE-BBA1-987DA594A7B5}.Release|Any CPU.Deploy.0 = Release|iPhoneSimulator
		{E631B368-936E-41FE-BBA1-987DA594A7B5}.Release|iPhone.ActiveCfg = Release|iPhone
		{E631B368-936E-41FE-BBA1-987DA594A7B5}.Release|iPhone.Build.0 = Release|iPhone
		{E631B368-936E-41FE-BBA1-987DA594A7B5}.Release|iPhone.Deploy.0 = Release|iPhone
		{E631B368-936E-41FE-BBA1-987DA594A7B5}.Release|iPhoneSimulator.ActiveCfg = Release|iPhoneSimulator
		{E631B368-936E-41FE-BBA1-987DA594A7B5}.Release|iPhoneSimulator.Build.0 = Release|iPhoneSimulator
		{E631B368-936E-41FE-BBA1-987DA594A7B5}.Release|iPhoneSimulator.Deploy.0 = Release|iPhoneSimulator
		{C80151E3-2E09-49BA-90D6-9F2684AF1453}.Debug|Any CPU.ActiveCfg = Debug|Any CPU
		{C80151E3-2E09-49BA-90D6-9F2684AF1453}.Debug|Any CPU.Build.0 = Debug|Any CPU
		{C80151E3-2E09-49BA-90D6-9F2684AF1453}.Debug|Any CPU.Deploy.0 = Debug|Any CPU
		{C80151E3-2E09-49BA-90D6-9F2684AF1453}.Debug|iPhone.ActiveCfg = Debug|Any CPU
		{C80151E3-2E09-49BA-90D6-9F2684AF1453}.Debug|iPhone.Build.0 = Debug|Any CPU
		{C80151E3-2E09-49BA-90D6-9F2684AF1453}.Debug|iPhone.Deploy.0 = Debug|Any CPU
		{C80151E3-2E09-49BA-90D6-9F2684AF1453}.Debug|iPhoneSimulator.ActiveCfg = Debug|Any CPU
		{C80151E3-2E09-49BA-90D6-9F2684AF1453}.Debug|iPhoneSimulator.Build.0 = Debug|Any CPU
		{C80151E3-2E09-49BA-90D6-9F2684AF1453}.Debug|iPhoneSimulator.Deploy.0 = Debug|Any CPU
		{C80151E3-2E09-49BA-90D6-9F2684AF1453}.Release|Any CPU.ActiveCfg = Release|Any CPU
		{C80151E3-2E09-49BA-90D6-9F2684AF1453}.Release|Any CPU.Build.0 = Release|Any CPU
		{C80151E3-2E09-49BA-90D6-9F2684AF1453}.Release|Any CPU.Deploy.0 = Release|Any CPU
		{C80151E3-2E09-49BA-90D6-9F2684AF1453}.Release|iPhone.ActiveCfg = Release|Any CPU
		{C80151E3-2E09-49BA-90D6-9F2684AF1453}.Release|iPhone.Build.0 = Release|Any CPU
		{C80151E3-2E09-49BA-90D6-9F2684AF1453}.Release|iPhone.Deploy.0 = Release|Any CPU
		{C80151E3-2E09-49BA-90D6-9F2684AF1453}.Release|iPhoneSimulator.ActiveCfg = Release|Any CPU
		{C80151E3-2E09-49BA-90D6-9F2684AF1453}.Release|iPhoneSimulator.Build.0 = Release|Any CPU
		{C80151E3-2E09-49BA-90D6-9F2684AF1453}.Release|iPhoneSimulator.Deploy.0 = Release|Any CPU
	EndGlobalSection
	GlobalSection(SolutionProperties) = preSolution
		HideSolutionNode = FALSE
	EndGlobalSection
	GlobalSection(ExtensibilityGlobals) = postSolution
		SolutionGuid = {2B6785CF-AE0D-4324-B249-EE03810B5CBB}
	EndGlobalSection
EndGlobal
